
Microsoft Visual Studio Solution File, Format Version 12.00
# Visual Studio Version 16
VisualStudioVersion = 16.0.31702.278
MinimumVisualStudioVersion = 10.0.40219.1
Project("{9A19103F-16F7-4668-BE54-9A1E7A4F7556}") = "ukmd", "ukmd.csproj", "{E5A05C85-3D9F-43E0-8586-E4DD19C8CEFA}"
EndProject
Global
	GlobalSection(SolutionConfigurationPlatforms) = preSolution
		Debug|Any CPU = Debug|Any CPU
		Release|Any CPU = Release|Any CPU
	EndGlobalSection
	GlobalSection(ProjectConfigurationPlatforms) = postSolution
		{E5A05C85-3D9F-43E0-8586-E4DD19C8CEFA}.Debug|Any CPU.ActiveCfg = Debug|Any CPU
		{E5A05C85-3D9F-43E0-8586-E4DD19C8CEFA}.Debug|Any CPU.Build.0 = Debug|Any CPU
		{E5A05C85-3D9F-43E0-8586-E4DD19C8CEFA}.Release|Any CPU.ActiveCfg = Release|Any CPU
		{E5A05C85-3D9F-43E0-8586-E4DD19C8CEFA}.Release|Any CPU.Build.0 = Release|Any CPU
	EndGlobalSection
	GlobalSection(SolutionProperties) = preSolution
		HideSolutionNode = FALSE
	EndGlobalSection
	GlobalSection(ExtensibilityGlobals) = postSolution
		SolutionGuid = {3D40CCA7-0624-4050-9CA4-C854540B8B96}
	EndGlobalSection
EndGlobal
